
Microsoft Visual Studio Solution File, Format Version 12.00
# Visual Studio Version 16
VisualStudioVersion = 16.0.29209.62
MinimumVisualStudioVersion = 10.0.40219.1
Project("{9A19103F-16F7-4668-BE54-9A1E7A4F7556}") = "SmartApartmentSystem", "SmartApartmentSystem.csproj", "{C7697FC0-3953-4DA6-9A14-72DA79617755}"
EndProject
Global
	GlobalSection(SolutionConfigurationPlatforms) = preSolution
		Debug|Any CPU = Debug|Any CPU
		Release|Any CPU = Release|Any CPU
	EndGlobalSection
	GlobalSection(ProjectConfigurationPlatforms) = postSolution
		{C7697FC0-3953-4DA6-9A14-72DA79617755}.Debug|Any CPU.ActiveCfg = Debug|Any CPU
		{C7697FC0-3953-4DA6-9A14-72DA79617755}.Debug|Any CPU.Build.0 = Debug|Any CPU
		{C7697FC0-3953-4DA6-9A14-72DA79617755}.Release|Any CPU.ActiveCfg = Release|Any CPU
		{C7697FC0-3953-4DA6-9A14-72DA79617755}.Release|Any CPU.Build.0 = Release|Any CPU
	EndGlobalSection
	GlobalSection(SolutionProperties) = preSolution
		HideSolutionNode = FALSE
	EndGlobalSection
	GlobalSection(ExtensibilityGlobals) = postSolution
		SolutionGuid = {7B2500CC-833E-4124-8974-F026936B07ED}
	EndGlobalSection
EndGlobal
